// !$*UTF8*$!
{
	archiveVersion = 1;
	classes = {
	};
	objectVersion = 77;
	objects = {

/* Begin PBXContainerItemProxy section */
		3F3FC70C2ECDB099009E6F04 /* PBXContainerItemProxy */ = {
			isa = PBXContainerItemProxy;
			containerPortal = 3F3FC6F32ECDB098009E6F04 /* Project object */;
			proxyType = 1;
			remoteGlobalIDString = 3F3FC6FA2ECDB098009E6F04;
			remoteInfo = BinIt;
		};
		3F3FC7162ECDB099009E6F04 /* PBXContainerItemProxy */ = {
			isa = PBXContainerItemProxy;
			containerPortal = 3F3FC6F32ECDB098009E6F04 /* Project object */;
			proxyType = 1;
			remoteGlobalIDString = 3F3FC6FA2ECDB098009E6F04;
			remoteInfo = BinIt;
		};
/* End PBXContainerItemProxy section */

/* Begin PBXFileReference section */
		3F3FC6FB2ECDB098009E6F04 /* BinIt.app */ = {isa = PBXFileReference; explicitFileType = wrapper.application; includeInIndex = 0; path = BinIt.app; sourceTree = BUILT_PRODUCTS_DIR; };
		3F3FC70B2ECDB099009E6F04 /* BinItTests.xctest */ = {isa = PBXFileReference; explicitFileType = wrapper.cfbundle; includeInIndex = 0; path = BinItTests.xctest; sourceTree = BUILT_PRODUCTS_DIR; };
		3F3FC7152ECDB099009E6F04 /* BinItUITests.xctest */ = {isa = PBXFileReference; explicitFileType = wrapper.cfbundle; includeInIndex = 0; path = BinItUITests.xctest; sourceTree = BUILT_PRODUCTS_DIR; };
/* End PBXFileReference section */

/* Begin PBXFileSystemSynchronizedBuildFileExceptionSet section */
		3F3FC7792ECDC27A009E6F04 /* Exceptions for "BinIt" folder in "BinItTests" target */ = {
			isa = PBXFileSystemSynchronizedBuildFileExceptionSet;
			membershipExceptions = (
				Models/MobileNetV2.mlmodel,
				Models/MobileNetV2FP16.mlmodel,
				Models/MobileNetV2Int8LUT.mlmodel,
			);
			target = 3F3FC70A2ECDB099009E6F04 /* BinItTests */;
		};
		3F3FC77A2ECDC27A009E6F04 /* Exceptions for "BinIt" folder in "BinItUITests" target */ = {
			isa = PBXFileSystemSynchronizedBuildFileExceptionSet;
			membershipExceptions = (
				Models/MobileNetV2.mlmodel,
				Models/MobileNetV2FP16.mlmodel,
				Models/MobileNetV2Int8LUT.mlmodel,
			);
			target = 3F3FC7142ECDB099009E6F04 /* BinItUITests */;
		};
/* End PBXFileSystemSynchronizedBuildFileExceptionSet section */

/* Begin PBXFileSystemSynchronizedRootGroup section */
		3F3FC6FD2ECDB098009E6F04 /* BinIt */ = {
			isa = PBXFileSystemSynchronizedRootGroup;
			exceptions = (
				3F3FC7792ECDC27A009E6F04 /* Exceptions for "BinIt" folder in "BinItTests" target */,
				3F3FC77A2ECDC27A009E6F04 /* Exceptions for "BinIt" folder in "BinItUITests" target */,
			);
			path = BinIt;
			sourceTree = "<group>";
		};
		3F3FC70E2ECDB099009E6F04 /* BinItTests */ = {
			isa = PBXFileSystemSynchronizedRootGroup;
			path = BinItTests;
			sourceTree = "<group>";
		};
		3F3FC7182ECDB099009E6F04 /* BinItUITests */ = {
			isa = PBXFileSystemSynchronizedRootGroup;
			path = BinItUITests;
			sourceTree = "<group>";
		};
/* End PBXFileSystemSynchronizedRootGroup section */

/* Begin PBXFrameworksBuildPhase section */
		3F3FC6F82ECDB098009E6F04 /* Frameworks */ = {
			isa = PBXFrameworksBuildPhase;
			buildActionMask = 2147483647;
			files = (
			);
			runOnlyForDeploymentPostprocessing = 0;
		};
		3F3FC7082ECDB099009E6F04 /* Frameworks */ = {
			isa = PBXFrameworksBuildPhase;
			buildActionMask = 2147483647;
			files = (
			);
			runOnlyForDeploymentPostprocessing = 0;
		};
		3F3FC7122ECDB099009E6F04 /* Frameworks */ = {
			isa = PBXFrameworksBuildPhase;
			buildActionMask = 2147483647;
			files = (
			);
			runOnlyForDeploymentPostprocessing = 0;
		};
/* End PBXFrameworksBuildPhase section */

/* Begin PBXGroup section */
		3F3FC6F22ECDB098009E6F04 = {
			isa = PBXGroup;
			children = (
				3F3FC6FD2ECDB098009E6F04 /* BinIt */,
				3F3FC70E2ECDB099009E6F04 /* BinItTests */,
				3F3FC7182ECDB099009E6F04 /* BinItUITests */,
				3F3FC6FC2ECDB098009E6F04 /* Products */,
			);
			sourceTree = "<group>";
		};
		3F3FC6FC2ECDB098009E6F04 /* Products */ = {
			isa = PBXGroup;
			children = (
				3F3FC6FB2ECDB098009E6F04 /* BinIt.app */,
				3F3FC70B2ECDB099009E6F04 /* BinItTests.xctest */,
				3F3FC7152ECDB099009E6F04 /* BinItUITests.xctest */,
			);
			name = Products;
			sourceTree = "<group>";
		};
/* End PBXGroup section */

/* Begin PBXNativeTarget section */
		3F3FC6FA2ECDB098009E6F04 /* BinIt */ = {
			isa = PBXNativeTarget;
			buildConfigurationList = 3F3FC71F2ECDB099009E6F04 /* Build configuration list for PBXNativeTarget "BinIt" */;
			buildPhases = (
				3F3FC6F72ECDB098009E6F04 /* Sources */,
				3F3FC6F82ECDB098009E6F04 /* Frameworks */,
				3F3FC6F92ECDB098009E6F04 /* Resources */,
			);
			buildRules = (
			);
			dependencies = (
			);
			fileSystemSynchronizedGroups = (
				3F3FC6FD2ECDB098009E6F04 /* BinIt */,
			);
			name = BinIt;
			packageProductDependencies = (
			);
			productName = BinIt;
			productReference = 3F3FC6FB2ECDB098009E6F04 /* BinIt.app */;
			productType = "com.apple.product-type.application";
		};
		3F3FC70A2ECDB099009E6F04 /* BinItTests */ = {
			isa = PBXNativeTarget;
			buildConfigurationList = 3F3FC7222ECDB099009E6F04 /* Build configuration list for PBXNativeTarget "BinItTests" */;
			buildPhases = (
				3F3FC7072ECDB099009E6F04 /* Sources */,
				3F3FC7082ECDB099009E6F04 /* Frameworks */,
				3F3FC7092ECDB099009E6F04 /* Resources */,
			);
			buildRules = (
			);
			dependencies = (
				3F3FC70D2ECDB099009E6F04 /* PBXTargetDependency */,
			);
			fileSystemSynchronizedGroups = (
				3F3FC70E2ECDB099009E6F04 /* BinItTests */,
			);
			name = BinItTests;
			packageProductDependencies = (
			);
			productName = BinItTests;
			productReference = 3F3FC70B2ECDB099009E6F04 /* BinItTests.xctest */;
			productType = "com.apple.product-type.bundle.unit-test";
		};
		3F3FC7142ECDB099009E6F04 /* BinItUITests */ = {
			isa = PBXNativeTarget;
			buildConfigurationList = 3F3FC7252ECDB099009E6F04 /* Build configuration list for PBXNativeTarget "BinItUITests" */;
			buildPhases = (
				3F3FC7112ECDB099009E6F04 /* Sources */,
				3F3FC7122ECDB099009E6F04 /* Frameworks */,
				3F3FC7132ECDB099009E6F04 /* Resources */,
			);
			buildRules = (
			);
			dependencies = (
				3F3FC7172ECDB099009E6F04 /* PBXTargetDependency */,
			);
			fileSystemSynchronizedGroups = (
				3F3FC7182ECDB099009E6F04 /* BinItUITests */,
			);
			name = BinItUITests;
			packageProductDependencies = (
			);
			productName = BinItUITests;
			productReference = 3F3FC7152ECDB099009E6F04 /* BinItUITests.xctest */;
			productType = "com.apple.product-type.bundle.ui-testing";
		};
/* End PBXNativeTarget section */

/* Begin PBXProject section */
		3F3FC6F32ECDB098009E6F04 /* Project object */ = {
			isa = PBXProject;
			attributes = {
				BuildIndependentTargetsInParallel = 1;
				LastSwiftUpdateCheck = 1620;
				LastUpgradeCheck = 1620;
				TargetAttributes = {
					3F3FC6FA2ECDB098009E6F04 = {
						CreatedOnToolsVersion = 16.2;
					};
					3F3FC70A2ECDB099009E6F04 = {
						CreatedOnToolsVersion = 16.2;
						TestTargetID = 3F3FC6FA2ECDB098009E6F04;
					};
					3F3FC7142ECDB099009E6F04 = {
						CreatedOnToolsVersion = 16.2;
						TestTargetID = 3F3FC6FA2ECDB098009E6F04;
					};
				};
			};
			buildConfigurationList = 3F3FC6F62ECDB098009E6F04 /* Build configuration list for PBXProject "BinIt" */;
			developmentRegion = en;
			hasScannedForEncodings = 0;
			knownRegions = (
				en,
				Base,
			);
			mainGroup = 3F3FC6F22ECDB098009E6F04;
			minimizedProjectReferenceProxies = 1;
			preferredProjectObjectVersion = 77;
			productRefGroup = 3F3FC6FC2ECDB098009E6F04 /* Products */;
			projectDirPath = "";
			projectRoot = "";
			targets = (
				3F3FC6FA2ECDB098009E6F04 /* BinIt */,
				3F3FC70A2ECDB099009E6F04 /* BinItTests */,
				3F3FC7142ECDB099009E6F04 /* BinItUITests */,
			);
		};
/* End PBXProject section */

/* Begin PBXResourcesBuildPhase section */
		3F3FC6F92ECDB098009E6F04 /* Resources */ = {
			isa = PBXResourcesBuildPhase;
			buildActionMask = 2147483647;
			files = (
			);
			runOnlyForDeploymentPostprocessing = 0;
		};
		3F3FC7092ECDB099009E6F04 /* Resources */ = {
			isa = PBXResourcesBuildPhase;
			buildActionMask = 2147483647;
			files = (
			);
			runOnlyForDeploymentPostprocessing = 0;
		};
		3F3FC7132ECDB099009E6F04 /* Resources */ = {
			isa = PBXResourcesBuildPhase;
			buildActionMask = 2147483647;
			files = (
			);
			runOnlyForDeploymentPostprocessing = 0;
		};
/* End PBXResourcesBuildPhase section */

/* Begin PBXSourcesBuildPhase section */
		3F3FC6F72ECDB098009E6F04 /* Sources */ = {
			isa = PBXSourcesBuildPhase;
			buildActionMask = 2147483647;
			files = (
			);
			runOnlyForDeploymentPostprocessing = 0;
		};
		3F3FC7072ECDB099009E6F04 /* Sources */ = {
			isa = PBXSourcesBuildPhase;
			buildActionMask = 2147483647;
			files = (
			);
			runOnlyForDeploymentPostprocessing = 0;
		};
		3F3FC7112ECDB099009E6F04 /* Sources */ = {
			isa = PBXSourcesBuildPhase;
			buildActionMask = 2147483647;
			files = (
			);
			runOnlyForDeploymentPostprocessing = 0;
		};
/* End PBXSourcesBuildPhase section */

/* Begin PBXTargetDependency section */
		3F3FC70D2ECDB099009E6F04 /* PBXTargetDependency */ = {
			isa = PBXTargetDependency;
			target = 3F3FC6FA2ECDB098009E6F04 /* BinIt */;
			targetProxy = 3F3FC70C2ECDB099009E6F04 /* PBXContainerItemProxy */;
		};
		3F3FC7172ECDB099009E6F04 /* PBXTargetDependency */ = {
			isa = PBXTargetDependency;
			target = 3F3FC6FA2ECDB098009E6F04 /* BinIt */;
			targetProxy = 3F3FC7162ECDB099009E6F04 /* PBXContainerItemProxy */;
		};
/* End PBXTargetDependency section */

/* Begin XCBuildConfiguration section */
		3F3FC71D2ECDB099009E6F04 /* Debug */ = {
			isa = XCBuildConfiguration;
			buildSettings = {
				ALWAYS_SEARCH_USER_PATHS = NO;
				ASSETCATALOG_COMPILER_GENERATE_SWIFT_ASSET_SYMBOL_EXTENSIONS = YES;
				CLANG_ANALYZER_NONNULL = YES;
				CLANG_ANALYZER_NUMBER_OBJECT_CONVERSION = YES_AGGRESSIVE;
				CLANG_CXX_LANGUAGE_STANDARD = "gnu++20";
				CLANG_ENABLE_MODULES = YES;
				CLANG_ENABLE_OBJC_ARC = YES;
				CLANG_ENABLE_OBJC_WEAK = YES;
				CLANG_WARN_BLOCK_CAPTURE_AUTORELEASING = YES;
				CLANG_WARN_BOOL_CONVERSION = YES;
				CLANG_WARN_COMMA = YES;
				CLANG_WARN_CONSTANT_CONVERSION = YES;
				CLANG_WARN_DEPRECATED_OBJC_IMPLEMENTATIONS = YES;
				CLANG_WARN_DIRECT_OBJC_ISA_USAGE = YES_ERROR;
				CLANG_WARN_DOCUMENTATION_COMMENTS = YES;
				CLANG_WARN_EMPTY_BODY = YES;
				CLANG_WARN_ENUM_CONVERSION = YES;
				CLANG_WARN_INFINITE_RECURSION = YES;
				CLANG_WARN_INT_CONVERSION = YES;
				CLANG_WARN_NON_LITERAL_NULL_CONVERSION = YES;
				CLANG_WARN_OBJC_IMPLICIT_RETAIN_SELF = YES;
				CLANG_WARN_OBJC_LITERAL_CONVERSION = YES;
				CLANG_WARN_OBJC_ROOT_CLASS = YES_ERROR;
				CLANG_WARN_QUOTED_INCLUDE_IN_FRAMEWORK_HEADER = YES;
				CLANG_WARN_RANGE_LOOP_ANALYSIS = YES;
				CLANG_WARN_STRICT_PROTOTYPES = YES;
				CLANG_WARN_SUSPICIOUS_MOVE = YES;
				CLANG_WARN_UNGUARDED_AVAILABILITY = YES_AGGRESSIVE;
				CLANG_WARN_UNREACHABLE_CODE = YES;
				CLANG_WARN__DUPLICATE_METHOD_MATCH = YES;
				COPY_PHASE_STRIP = NO;
				DEBUG_INFORMATION_FORMAT = dwarf;
				ENABLE_STRICT_OBJC_MSGSEND = YES;
				ENABLE_TESTABILITY = YES;
				ENABLE_USER_SCRIPT_SANDBOXING = YES;
				GCC_C_LANGUAGE_STANDARD = gnu17;
				GCC_DYNAMIC_NO_PIC = NO;
				GCC_NO_COMMON_BLOCKS = YES;
				GCC_OPTIMIZATION_LEVEL = 0;
				GCC_PREPROCESSOR_DEFINITIONS = (
					"DEBUG=1",
					"$(inherited)",
				);
				GCC_WARN_64_TO_32_BIT_CONVERSION = YES;
				GCC_WARN_ABOUT_RETURN_TYPE = YES_ERROR;
				GCC_WARN_UNDECLARED_SELECTOR = YES;
				GCC_WARN_UNINITIALIZED_AUTOS = YES_AGGRESSIVE;
				GCC_WARN_UNUSED_FUNCTION = YES;
				GCC_WARN_UNUSED_VARIABLE = YES;
				IPHONEOS_DEPLOYMENT_TARGET = 18.2;
				LOCALIZATION_PREFERS_STRING_CATALOGS = YES;
				MTL_ENABLE_DEBUG_INFO = INCLUDE_SOURCE;
				MTL_FAST_MATH = YES;
				ONLY_ACTIVE_ARCH = YES;
				SDKROOT = iphoneos;
				SWIFT_ACTIVE_COMPILATION_CONDITIONS = "DEBUG $(inherited)";
				SWIFT_OPTIMIZATION_LEVEL = "-Onone";
			};
			name = Debug;
		};
		3F3FC71E2ECDB099009E6F04 /* Release */ = {
			isa = XCBuildConfiguration;
			buildSettings = {
				ALWAYS_SEARCH_USER_PATHS = NO;
				ASSETCATALOG_COMPILER_GENERATE_SWIFT_ASSET_SYMBOL_EXTENSIONS = YES;
				CLANG_ANALYZER_NONNULL = YES;
				CLANG_ANALYZER_NUMBER_OBJECT_CONVERSION = YES_AGGRESSIVE;
				CLANG_CXX_LANGUAGE_STANDARD = "gnu++20";
				CLANG_ENABLE_MODULES = YES;
				CLANG_ENABLE_OBJC_ARC = YES;
				CLANG_ENABLE_OBJC_WEAK = YES;
				CLANG_WARN_BLOCK_CAPTURE_AUTORELEASING = YES;
				CLANG_WARN_BOOL_CONVERSION = YES;
				CLANG_WARN_COMMA = YES;
				CLANG_WARN_CONSTANT_CONVERSION = YES;
				CLANG_WARN_DEPRECATED_OBJC_IMPLEMENTATIONS = YES;
				CLANG_WARN_DIRECT_OBJC_ISA_USAGE = YES_ERROR;
				CLANG_WARN_DOCUMENTATION_COMMENTS = YES;
				CLANG_WARN_EMPTY_BODY = YES;
				CLANG_WARN_ENUM_CONVERSION = YES;
				CLANG_WARN_INFINITE_RECURSION = YES;
				CLANG_WARN_INT_CONVERSION = YES;
				CLANG_WARN_NON_LITERAL_NULL_CONVERSION = YES;
				CLANG_WARN_OBJC_IMPLICIT_RETAIN_SELF = YES;
				CLANG_WARN_OBJC_LITERAL_CONVERSION = YES;
				CLANG_WARN_OBJC_ROOT_CLASS = YES_ERROR;
				CLANG_WARN_QUOTED_INCLUDE_IN_FRAMEWORK_HEADER = YES;
				CLANG_WARN_RANGE_LOOP_ANALYSIS = YES;
				CLANG_WARN_STRICT_PROTOTYPES = YES;
				CLANG_WARN_SUSPICIOUS_MOVE = YES;
				CLANG_WARN_UNGUARDED_AVAILABILITY = YES_AGGRESSIVE;
				CLANG_WARN_UNREACHABLE_CODE = YES;
				CLANG_WARN__DUPLICATE_METHOD_MATCH = YES;
				COPY_PHASE_STRIP = NO;
				DEBUG_INFORMATION_FORMAT = "dwarf-with-dsym";
				ENABLE_NS_ASSERTIONS = NO;
				ENABLE_STRICT_OBJC_MSGSEND = YES;
				ENABLE_USER_SCRIPT_SANDBOXING = YES;
				GCC_C_LANGUAGE_STANDARD = gnu17;
				GCC_NO_COMMON_BLOCKS = YES;
				GCC_WARN_64_TO_32_BIT_CONVERSION = YES;
				GCC_WARN_ABOUT_RETURN_TYPE = YES_ERROR;
				GCC_WARN_UNDECLARED_SELECTOR = YES;
				GCC_WARN_UNINITIALIZED_AUTOS = YES_AGGRESSIVE;
				GCC_WARN_UNUSED_FUNCTION = YES;
				GCC_WARN_UNUSED_VARIABLE = YES;
				IPHONEOS_DEPLOYMENT_TARGET = 18.2;
				LOCALIZATION_PREFERS_STRING_CATALOGS = YES;
				MTL_ENABLE_DEBUG_INFO = NO;
				MTL_FAST_MATH = YES;
				SDKROOT = iphoneos;
				SWIFT_COMPILATION_MODE = wholemodule;
				VALIDATE_PRODUCT = YES;
			};
			name = Release;
		};
		3F3FC7202ECDB099009E6F04 /* Debug */ = {
			isa = XCBuildConfiguration;
			buildSettings = {
				ASSETCATALOG_COMPILER_APPICON_NAME = AppIcon;
				ASSETCATALOG_COMPILER_GLOBAL_ACCENT_COLOR_NAME = AccentColor;
				CODE_SIGN_STYLE = Automatic;
				CURRENT_PROJECT_VERSION = 1;
				DEVELOPMENT_ASSET_PATHS = "\"BinIt/Preview Content\"";
				ENABLE_PREVIEWS = YES;
				GENERATE_INFOPLIST_FILE = YES;
				INFOPLIST_KEY_UIApplicationSceneManifest_Generation = YES;
				INFOPLIST_KEY_UIApplicationSupportsIndirectInputEvents = YES;
				INFOPLIST_KEY_UILaunchScreen_Generation = YES;
				INFOPLIST_KEY_UISupportedInterfaceOrientations_iPad = "UIInterfaceOrientationPortrait UIInterfaceOrientationPortraitUpsideDown UIInterfaceOrientationLandscapeLeft UIInterfaceOrientationLandscapeRight";
				INFOPLIST_KEY_UISupportedInterfaceOrientations_iPhone = "UIInterfaceOrientationPortrait UIInterfaceOrientationLandscapeLeft UIInterfaceOrientationLandscapeRight";
				LD_RUNPATH_SEARCH_PATHS = (
					"$(inherited)",
					"@executable_path/Frameworks",
				);
				MARKETING_VERSION = 1.0;
				PRODUCT_BUNDLE_IDENTIFIER = name.hasith.BinIt;
				PRODUCT_NAME = "$(TARGET_NAME)";
				SWIFT_EMIT_LOC_STRINGS = YES;
				SWIFT_VERSION = 5.0;
				TARGETED_DEVICE_FAMILY = "1,2";
			};
			name = Debug;
		};
		3F3FC7212ECDB099009E6F04 /* Release */ = {
			isa = XCBuildConfiguration;
			buildSettings = {
				ASSETCATALOG_COMPILER_APPICON_NAME = AppIcon;
				ASSETCATALOG_COMPILER_GLOBAL_ACCENT_COLOR_NAME = AccentColor;
				CODE_SIGN_STYLE = Automatic;
				CURRENT_PROJECT_VERSION = 1;
				DEVELOPMENT_ASSET_PATHS = "\"BinIt/Preview Content\"";
				ENABLE_PREVIEWS = YES;
				GENERATE_INFOPLIST_FILE = YES;
				INFOPLIST_KEY_UIApplicationSceneManifest_Generation = YES;
				INFOPLIST_KEY_UIApplicationSupportsIndirectInputEvents = YES;
				INFOPLIST_KEY_UILaunchScreen_Generation = YES;
				INFOPLIST_KEY_UISupportedInterfaceOrientations_iPad = "UIInterfaceOrientationPortrait UIInterfaceOrientationPortraitUpsideDown UIInterfaceOrientationLandscapeLeft UIInterfaceOrientationLandscapeRight";
				INFOPLIST_KEY_UISupportedInterfaceOrientations_iPhone = "UIInterfaceOrientationPortrait UIInterfaceOrientationLandscapeLeft UIInterfaceOrientationLandscapeRight";
				LD_RUNPATH_SEARCH_PATHS = (
					"$(inherited)",
					"@executable_path/Frameworks",
				);
				MARKETING_VERSION = 1.0;
				PRODUCT_BUNDLE_IDENTIFIER = name.hasith.BinIt;
				PRODUCT_NAME = "$(TARGET_NAME)";
				SWIFT_EMIT_LOC_STRINGS = YES;
				SWIFT_VERSION = 5.0;
				TARGETED_DEVICE_FAMILY = "1,2";
			};
			name = Release;
		};
		3F3FC7232ECDB099009E6F04 /* Debug */ = {
			isa = XCBuildConfiguration;
			buildSettings = {
				BUNDLE_LOADER = "$(TEST_HOST)";
				CODE_SIGN_STYLE = Automatic;
				CURRENT_PROJECT_VERSION = 1;
				GENERATE_INFOPLIST_FILE = YES;
				IPHONEOS_DEPLOYMENT_TARGET = 18.2;
				MARKETING_VERSION = 1.0;
				PRODUCT_BUNDLE_IDENTIFIER = name.hasith.BinItTests;
				PRODUCT_NAME = "$(TARGET_NAME)";
				SWIFT_EMIT_LOC_STRINGS = NO;
				SWIFT_VERSION = 5.0;
				TARGETED_DEVICE_FAMILY = "1,2";
				TEST_HOST = "$(BUILT_PRODUCTS_DIR)/BinIt.app/$(BUNDLE_EXECUTABLE_FOLDER_PATH)/BinIt";
			};
			name = Debug;
		};
		3F3FC7242ECDB099009E6F04 /* Release */ = {
			isa = XCBuildConfiguration;
			buildSettings = {
				BUNDLE_LOADER = "$(TEST_HOST)";
				CODE_SIGN_STYLE = Automatic;
				CURRENT_PROJECT_VERSION = 1;
				GENERATE_INFOPLIST_FILE = YES;
				IPHONEOS_DEPLOYMENT_TARGET = 18.2;
				MARKETING_VERSION = 1.0;
				PRODUCT_BUNDLE_IDENTIFIER = name.hasith.BinItTests;
				PRODUCT_NAME = "$(TARGET_NAME)";
				SWIFT_EMIT_LOC_STRINGS = NO;
				SWIFT_VERSION = 5.0;
				TARGETED_DEVICE_FAMILY = "1,2";
				TEST_HOST = "$(BUILT_PRODUCTS_DIR)/BinIt.app/$(BUNDLE_EXECUTABLE_FOLDER_PATH)/BinIt";
			};
			name = Release;
		};
		3F3FC7262ECDB099009E6F04 /* Debug */ = {
			isa = XCBuildConfiguration;
			buildSettings = {
				CODE_SIGN_STYLE = Automatic;
				CURRENT_PROJECT_VERSION = 1;
				GENERATE_INFOPLIST_FILE = YES;
				MARKETING_VERSION = 1.0;
				PRODUCT_BUNDLE_IDENTIFIER = name.hasith.BinItUITests;
				PRODUCT_NAME = "$(TARGET_NAME)";
				SWIFT_EMIT_LOC_STRINGS = NO;
				SWIFT_VERSION = 5.0;
				TARGETED_DEVICE_FAMILY = "1,2";
				TEST_TARGET_NAME = BinIt;
			};
			name = Debug;
		};
		3F3FC7272ECDB099009E6F04 /* Release */ = {
			isa = XCBuildConfiguration;
			buildSettings = {
				CODE_SIGN_STYLE = Automatic;
				CURRENT_PROJECT_VERSION = 1;
				GENERATE_INFOPLIST_FILE = YES;
				MARKETING_VERSION = 1.0;
				PRODUCT_BUNDLE_IDENTIFIER = name.hasith.BinItUITests;
				PRODUCT_NAME = "$(TARGET_NAME)";
				SWIFT_EMIT_LOC_STRINGS = NO;
				SWIFT_VERSION = 5.0;
				TARGETED_DEVICE_FAMILY = "1,2";
				TEST_TARGET_NAME = BinIt;
			};
			name = Release;
		};
/* End XCBuildConfiguration section */

/* Begin XCConfigurationList section */
		3F3FC6F62ECDB098009E6F04 /* Build configuration list for PBXProject "BinIt" */ = {
			isa = XCConfigurationList;
			buildConfigurations = (
				3F3FC71D2ECDB099009E6F04 /* Debug */,
				3F3FC71E2ECDB099009E6F04 /* Release */,
			);
			defaultConfigurationIsVisible = 0;
			defaultConfigurationName = Release;
		};
		3F3FC71F2ECDB099009E6F04 /* Build configuration list for PBXNativeTarget "BinIt" */ = {
			isa = XCConfigurationList;
			buildConfigurations = (
				3F3FC7202ECDB099009E6F04 /* Debug */,
				3F3FC7212ECDB099009E6F04 /* Release */,
			);
			defaultConfigurationIsVisible = 0;
			defaultConfigurationName = Release;
		};
		3F3FC7222ECDB099009E6F04 /* Build configuration list for PBXNativeTarget "BinItTests" */ = {
			isa = XCConfigurationList;
			buildConfigurations = (
				3F3FC7232ECDB099009E6F04 /* Debug */,
				3F3FC7242ECDB099009E6F04 /* Release */,
			);
			defaultConfigurationIsVisible = 0;
			defaultConfigurationName = Release;
		};
		3F3FC7252ECDB099009E6F04 /* Build configuration list for PBXNativeTarget "BinItUITests" */ = {
			isa = XCConfigurationList;
			buildConfigurations = (
				3F3FC7262ECDB099009E6F04 /* Debug */,
				3F3FC7272ECDB099009E6F04 /* Release */,
			);
			defaultConfigurationIsVisible = 0;
			defaultConfigurationName = Release;
		};
/* End XCConfigurationList section */
	};
	rootObject = 3F3FC6F32ECDB098009E6F04 /* Project object */;
}
